
Microsoft Visual Studio Solution File, Format Version 12.00
# Visual Studio Version 16
VisualStudioVersion = 16.0.30406.217
MinimumVisualStudioVersion = 10.0.40219.1
Project("{FAE04EC0-301F-11D3-BF4B-00C04F79EFBC}") = "ConsoleApp", "ConsoleApp\ConsoleApp.csproj", "{16106A37-89D3-4524-AAA6-EDC13D819DC0}"
EndProject
Project("{FAE04EC0-301F-11D3-BF4B-00C04F79EFBC}") = "UnitTestProject", "UnitTestProject\UnitTestProject.csproj", "{64554DD6-2993-4E7D-A903-73662BD3B5E3}"
EndProject
Global
	GlobalSection(SolutionConfigurationPlatforms) = preSolution
		Debug|Any CPU = Debug|Any CPU
		Release|Any CPU = Release|Any CPU
	EndGlobalSection
	GlobalSection(ProjectConfigurationPlatforms) = postSolution
		{16106A37-89D3-4524-AAA6-EDC13D819DC0}.Debug|Any CPU.ActiveCfg = Debug|Any CPU
		{16106A37-89D3-4524-AAA6-EDC13D819DC0}.Debug|Any CPU.Build.0 = Debug|Any CPU
		{16106A37-89D3-4524-AAA6-EDC13D819DC0}.Release|Any CPU.ActiveCfg = Release|Any CPU
		{16106A37-89D3-4524-AAA6-EDC13D819DC0}.Release|Any CPU.Build.0 = Release|Any CPU
		{64554DD6-2993-4E7D-A903-73662BD3B5E3}.Debug|Any CPU.ActiveCfg = Debug|Any CPU
		{64554DD6-2993-4E7D-A903-73662BD3B5E3}.Debug|Any CPU.Build.0 = Debug|Any CPU
		{64554DD6-2993-4E7D-A903-73662BD3B5E3}.Release|Any CPU.ActiveCfg = Release|Any CPU
		{64554DD6-2993-4E7D-A903-73662BD3B5E3}.Release|Any CPU.Build.0 = Release|Any CPU
	EndGlobalSection
	GlobalSection(SolutionProperties) = preSolution
		HideSolutionNode = FALSE
	EndGlobalSection
	GlobalSection(ExtensibilityGlobals) = postSolution
		SolutionGuid = {150AB8C3-8241-4A23-B33F-EA42C253392A}
	EndGlobalSection
EndGlobal
